// !$*UTF8*$!
{
	archiveVersion = 1;
	classes = {
	};
	objectVersion = 50;
	objects = {

/* Begin PBXBuildFile section */
		061190A2255E512B00C4C92B /* AppDelegate.swift in Sources */ = {isa = PBXBuildFile; fileRef = 061190A1255E512B00C4C92B /* AppDelegate.swift */; };
		061190A4255E512B00C4C92B /* SceneDelegate.swift in Sources */ = {isa = PBXBuildFile; fileRef = 061190A3255E512B00C4C92B /* SceneDelegate.swift */; };
		061190A6255E512B00C4C92B /* ViewController.swift in Sources */ = {isa = PBXBuildFile; fileRef = 061190A5255E512B00C4C92B /* ViewController.swift */; };
		061190A9255E512B00C4C92B /* Main.storyboard in Resources */ = {isa = PBXBuildFile; fileRef = 061190A7255E512B00C4C92B /* Main.storyboard */; };
		061190AB255E512E00C4C92B /* Assets.xcassets in Resources */ = {isa = PBXBuildFile; fileRef = 061190AA255E512E00C4C92B /* Assets.xcassets */; };
		061190AE255E512E00C4C92B /* LaunchScreen.storyboard in Resources */ = {isa = PBXBuildFile; fileRef = 061190AC255E512E00C4C92B /* LaunchScreen.storyboard */; };
		061190B9255E512E00C4C92B /* GCDTests.swift in Sources */ = {isa = PBXBuildFile; fileRef = 061190B8255E512E00C4C92B /* GCDTests.swift */; };
		061190C4255E512E00C4C92B /* GCDUITests.swift in Sources */ = {isa = PBXBuildFile; fileRef = 061190C3255E512E00C4C92B /* GCDUITests.swift */; };
/* End PBXBuildFile section */

/* Begin PBXContainerItemProxy section */
		061190B5255E512E00C4C92B /* PBXContainerItemProxy */ = {
			isa = PBXContainerItemProxy;
			containerPortal = 06119096255E512B00C4C92B /* Project object */;
			proxyType = 1;
			remoteGlobalIDString = 0611909D255E512B00C4C92B;
			remoteInfo = GCD;
		};
		061190C0255E512E00C4C92B /* PBXContainerItemProxy */ = {
			isa = PBXContainerItemProxy;
			containerPortal = 06119096255E512B00C4C92B /* Project object */;
			proxyType = 1;
			remoteGlobalIDString = 0611909D255E512B00C4C92B;
			remoteInfo = GCD;
		};
/* End PBXContainerItemProxy section */

/* Begin PBXFileReference section */
		0611909E255E512B00C4C92B /* GCD.app */ = {isa = PBXFileReference; explicitFileType = wrapper.application; includeInIndex = 0; path = GCD.app; sourceTree = BUILT_PRODUCTS_DIR; };
		061190A1255E512B00C4C92B /* AppDelegate.swift */ = {isa = PBXFileReference; lastKnownFileType = sourcecode.swift; path = AppDelegate.swift; sourceTree = "<group>"; };
		061190A3255E512B00C4C92B /* SceneDelegate.swift */ = {isa = PBXFileReference; lastKnownFileType = sourcecode.swift; path = SceneDelegate.swift; sourceTree = "<group>"; };
		061190A5255E512B00C4C92B /* ViewController.swift */ = {isa = PBXFileReference; lastKnownFileType = sourcecode.swift; path = ViewController.swift; sourceTree = "<group>"; };
		061190A8255E512B00C4C92B /* Base */ = {isa = PBXFileReference; lastKnownFileType = file.storyboard; name = Base; path = Base.lproj/Main.storyboard; sourceTree = "<group>"; };
		061190AA255E512E00C4C92B /* Assets.xcassets */ = {isa = PBXFileReference; lastKnownFileType = folder.assetcatalog; path = Assets.xcassets; sourceTree = "<group>"; };
		061190AD255E512E00C4C92B /* Base */ = {isa = PBXFileReference; lastKnownFileType = file.storyboard; name = Base; path = Base.lproj/LaunchScreen.storyboard; sourceTree = "<group>"; };
		061190AF255E512E00C4C92B /* Info.plist */ = {isa = PBXFileReference; lastKnownFileType = text.plist.xml; path = Info.plist; sourceTree = "<group>"; };
		061190B4255E512E00C4C92B /* GCDTests.xctest */ = {isa = PBXFileReference; explicitFileType = wrapper.cfbundle; includeInIndex = 0; path = GCDTests.xctest; sourceTree = BUILT_PRODUCTS_DIR; };
		061190B8255E512E00C4C92B /* GCDTests.swift */ = {isa = PBXFileReference; lastKnownFileType = sourcecode.swift; path = GCDTests.swift; sourceTree = "<group>"; };
		061190BA255E512E00C4C92B /* Info.plist */ = {isa = PBXFileReference; lastKnownFileType = text.plist.xml; path = Info.plist; sourceTree = "<group>"; };
		061190BF255E512E00C4C92B /* GCDUITests.xctest */ = {isa = PBXFileReference; explicitFileType = wrapper.cfbundle; includeInIndex = 0; path = GCDUITests.xctest; sourceTree = BUILT_PRODUCTS_DIR; };
		061190C3255E512E00C4C92B /* GCDUITests.swift */ = {isa = PBXFileReference; lastKnownFileType = sourcecode.swift; path = GCDUITests.swift; sourceTree = "<group>"; };
		061190C5255E512E00C4C92B /* Info.plist */ = {isa = PBXFileReference; lastKnownFileType = text.plist.xml; path = Info.plist; sourceTree = "<group>"; };
/* End PBXFileReference section */

/* Begin PBXFrameworksBuildPhase section */
		0611909B255E512B00C4C92B /* Frameworks */ = {
			isa = PBXFrameworksBuildPhase;
			buildActionMask = 2147483647;
			files = (
			);
			runOnlyForDeploymentPostprocessing = 0;
		};
		061190B1255E512E00C4C92B /* Frameworks */ = {
			isa = PBXFrameworksBuildPhase;
			buildActionMask = 2147483647;
			files = (
			);
			runOnlyForDeploymentPostprocessing = 0;
		};
		061190BC255E512E00C4C92B /* Frameworks */ = {
			isa = PBXFrameworksBuildPhase;
			buildActionMask = 2147483647;
			files = (
			);
			runOnlyForDeploymentPostprocessing = 0;
		};
/* End PBXFrameworksBuildPhase section */

/* Begin PBXGroup section */
		06119095255E512B00C4C92B = {
			isa = PBXGroup;
			children = (
				061190A0255E512B00C4C92B /* GCD */,
				061190B7255E512E00C4C92B /* GCDTests */,
				061190C2255E512E00C4C92B /* GCDUITests */,
				0611909F255E512B00C4C92B /* Products */,
			);
			sourceTree = "<group>";
		};
		0611909F255E512B00C4C92B /* Products */ = {
			isa = PBXGroup;
			children = (
				0611909E255E512B00C4C92B /* GCD.app */,
				061190B4255E512E00C4C92B /* GCDTests.xctest */,
				061190BF255E512E00C4C92B /* GCDUITests.xctest */,
			);
			name = Products;
			sourceTree = "<group>";
		};
		061190A0255E512B00C4C92B /* GCD */ = {
			isa = PBXGroup;
			children = (
				061190A1255E512B00C4C92B /* AppDelegate.swift */,
				061190A3255E512B00C4C92B /* SceneDelegate.swift */,
				061190A5255E512B00C4C92B /* ViewController.swift */,
				061190A7255E512B00C4C92B /* Main.storyboard */,
				061190AA255E512E00C4C92B /* Assets.xcassets */,
				061190AC255E512E00C4C92B /* LaunchScreen.storyboard */,
				061190AF255E512E00C4C92B /* Info.plist */,
			);
			path = GCD;
			sourceTree = "<group>";
		};
		061190B7255E512E00C4C92B /* GCDTests */ = {
			isa = PBXGroup;
			children = (
				061190B8255E512E00C4C92B /* GCDTests.swift */,
				061190BA255E512E00C4C92B /* Info.plist */,
			);
			path = GCDTests;
			sourceTree = "<group>";
		};
		061190C2255E512E00C4C92B /* GCDUITests */ = {
			isa = PBXGroup;
			children = (
				061190C3255E512E00C4C92B /* GCDUITests.swift */,
				061190C5255E512E00C4C92B /* Info.plist */,
			);
			path = GCDUITests;
			sourceTree = "<group>";
		};
/* End PBXGroup section */

/* Begin PBXNativeTarget section */
		0611909D255E512B00C4C92B /* GCD */ = {
			isa = PBXNativeTarget;
			buildConfigurationList = 061190C8255E512E00C4C92B /* Build configuration list for PBXNativeTarget "GCD" */;
			buildPhases = (
				0611909A255E512B00C4C92B /* Sources */,
				0611909B255E512B00C4C92B /* Frameworks */,
				0611909C255E512B00C4C92B /* Resources */,
			);
			buildRules = (
			);
			dependencies = (
			);
			name = GCD;
			productName = GCD;
			productReference = 0611909E255E512B00C4C92B /* GCD.app */;
			productType = "com.apple.product-type.application";
		};
		061190B3255E512E00C4C92B /* GCDTests */ = {
			isa = PBXNativeTarget;
			buildConfigurationList = 061190CB255E512E00C4C92B /* Build configuration list for PBXNativeTarget "GCDTests" */;
			buildPhases = (
				061190B0255E512E00C4C92B /* Sources */,
				061190B1255E512E00C4C92B /* Frameworks */,
				061190B2255E512E00C4C92B /* Resources */,
			);
			buildRules = (
			);
			dependencies = (
				061190B6255E512E00C4C92B /* PBXTargetDependency */,
			);
			name = GCDTests;
			productName = GCDTests;
			productReference = 061190B4255E512E00C4C92B /* GCDTests.xctest */;
			productType = "com.apple.product-type.bundle.unit-test";
		};
		061190BE255E512E00C4C92B /* GCDUITests */ = {
			isa = PBXNativeTarget;
			buildConfigurationList = 061190CE255E512E00C4C92B /* Build configuration list for PBXNativeTarget "GCDUITests" */;
			buildPhases = (
				061190BB255E512E00C4C92B /* Sources */,
				061190BC255E512E00C4C92B /* Frameworks */,
				061190BD255E512E00C4C92B /* Resources */,
			);
			buildRules = (
			);
			dependencies = (
				061190C1255E512E00C4C92B /* PBXTargetDependency */,
			);
			name = GCDUITests;
			productName = GCDUITests;
			productReference = 061190BF255E512E00C4C92B /* GCDUITests.xctest */;
			productType = "com.apple.product-type.bundle.ui-testing";
		};
/* End PBXNativeTarget section */

/* Begin PBXProject section */
		06119096255E512B00C4C92B /* Project object */ = {
			isa = PBXProject;
			attributes = {
				LastSwiftUpdateCheck = 1170;
				LastUpgradeCheck = 1170;
				ORGANIZATIONNAME = "chandrika R";
				TargetAttributes = {
					0611909D255E512B00C4C92B = {
						CreatedOnToolsVersion = 11.7;
					};
					061190B3255E512E00C4C92B = {
						CreatedOnToolsVersion = 11.7;
						TestTargetID = 0611909D255E512B00C4C92B;
					};
					061190BE255E512E00C4C92B = {
						CreatedOnToolsVersion = 11.7;
						TestTargetID = 0611909D255E512B00C4C92B;
					};
				};
			};
			buildConfigurationList = 06119099255E512B00C4C92B /* Build configuration list for PBXProject "GCD" */;
			compatibilityVersion = "Xcode 9.3";
			developmentRegion = en;
			hasScannedForEncodings = 0;
			knownRegions = (
				en,
				Base,
			);
			mainGroup = 06119095255E512B00C4C92B;
			productRefGroup = 0611909F255E512B00C4C92B /* Products */;
			projectDirPath = "";
			projectRoot = "";
			targets = (
				0611909D255E512B00C4C92B /* GCD */,
				061190B3255E512E00C4C92B /* GCDTests */,
				061190BE255E512E00C4C92B /* GCDUITests */,
			);
		};
/* End PBXProject section */

/* Begin PBXResourcesBuildPhase section */
		0611909C255E512B00C4C92B /* Resources */ = {
			isa = PBXResourcesBuildPhase;
			buildActionMask = 2147483647;
			files = (
				061190AE255E512E00C4C92B /* LaunchScreen.storyboard in Resources */,
				061190AB255E512E00C4C92B /* Assets.xcassets in Resources */,
				061190A9255E512B00C4C92B /* Main.storyboard in Resources */,
			);
			runOnlyForDeploymentPostprocessing = 0;
		};
		061190B2255E512E00C4C92B /* Resources */ = {
			isa = PBXResourcesBuildPhase;
			buildActionMask = 2147483647;
			files = (
			);
			runOnlyForDeploymentPostprocessing = 0;
		};
		061190BD255E512E00C4C92B /* Resources */ = {
			isa = PBXResourcesBuildPhase;
			buildActionMask = 2147483647;
			files = (
			);
			runOnlyForDeploymentPostprocessing = 0;
		};
/* End PBXResourcesBuildPhase section */

/* Begin PBXSourcesBuildPhase section */
		0611909A255E512B00C4C92B /* Sources */ = {
			isa = PBXSourcesBuildPhase;
			buildActionMask = 2147483647;
			files = (
				061190A6255E512B00C4C92B /* ViewController.swift in Sources */,
				061190A2255E512B00C4C92B /* AppDelegate.swift in Sources */,
				061190A4255E512B00C4C92B /* SceneDelegate.swift in Sources */,
			);
			runOnlyForDeploymentPostprocessing = 0;
		};
		061190B0255E512E00C4C92B /* Sources */ = {
			isa = PBXSourcesBuildPhase;
			buildActionMask = 2147483647;
			files = (
				061190B9255E512E00C4C92B /* GCDTests.swift in Sources */,
			);
			runOnlyForDeploymentPostprocessing = 0;
		};
		061190BB255E512E00C4C92B /* Sources */ = {
			isa = PBXSourcesBuildPhase;
			buildActionMask = 2147483647;
			files = (
				061190C4255E512E00C4C92B /* GCDUITests.swift in Sources */,
			);
			runOnlyForDeploymentPostprocessing = 0;
		};
/* End PBXSourcesBuildPhase section */

/* Begin PBXTargetDependency section */
		061190B6255E512E00C4C92B /* PBXTargetDependency */ = {
			isa = PBXTargetDependency;
			target = 0611909D255E512B00C4C92B /* GCD */;
			targetProxy = 061190B5255E512E00C4C92B /* PBXContainerItemProxy */;
		};
		061190C1255E512E00C4C92B /* PBXTargetDependency */ = {
			isa = PBXTargetDependency;
			target = 0611909D255E512B00C4C92B /* GCD */;
			targetProxy = 061190C0255E512E00C4C92B /* PBXContainerItemProxy */;
		};
/* End PBXTargetDependency section */

/* Begin PBXVariantGroup section */
		061190A7255E512B00C4C92B /* Main.storyboard */ = {
			isa = PBXVariantGroup;
			children = (
				061190A8255E512B00C4C92B /* Base */,
			);
			name = Main.storyboard;
			sourceTree = "<group>";
		};
		061190AC255E512E00C4C92B /* LaunchScreen.storyboard */ = {
			isa = PBXVariantGroup;
			children = (
				061190AD255E512E00C4C92B /* Base */,
			);
			name = LaunchScreen.storyboard;
			sourceTree = "<group>";
		};
/* End PBXVariantGroup section */

/* Begin XCBuildConfiguration section */
		061190C6255E512E00C4C92B /* Debug */ = {
			isa = XCBuildConfiguration;
			buildSettings = {
				ALWAYS_SEARCH_USER_PATHS = NO;
				CLANG_ANALYZER_NONNULL = YES;
				CLANG_ANALYZER_NUMBER_OBJECT_CONVERSION = YES_AGGRESSIVE;
				CLANG_CXX_LANGUAGE_STANDARD = "gnu++14";
				CLANG_CXX_LIBRARY = "libc++";
				CLANG_ENABLE_MODULES = YES;
				CLANG_ENABLE_OBJC_ARC = YES;
				CLANG_ENABLE_OBJC_WEAK = YES;
				CLANG_WARN_BLOCK_CAPTURE_AUTORELEASING = YES;
				CLANG_WARN_BOOL_CONVERSION = YES;
				CLANG_WARN_COMMA = YES;
				CLANG_WARN_CONSTANT_CONVERSION = YES;
				CLANG_WARN_DEPRECATED_OBJC_IMPLEMENTATIONS = YES;
				CLANG_WARN_DIRECT_OBJC_ISA_USAGE = YES_ERROR;
				CLANG_WARN_DOCUMENTATION_COMMENTS = YES;
				CLANG_WARN_EMPTY_BODY = YES;
				CLANG_WARN_ENUM_CONVERSION = YES;
				CLANG_WARN_INFINITE_RECURSION = YES;
				CLANG_WARN_INT_CONVERSION = YES;
				CLANG_WARN_NON_LITERAL_NULL_CONVERSION = YES;
				CLANG_WARN_OBJC_IMPLICIT_RETAIN_SELF = YES;
				CLANG_WARN_OBJC_LITERAL_CONVERSION = YES;
				CLANG_WARN_OBJC_ROOT_CLASS = YES_ERROR;
				CLANG_WARN_RANGE_LOOP_ANALYSIS = YES;
				CLANG_WARN_STRICT_PROTOTYPES = YES;
				CLANG_WARN_SUSPICIOUS_MOVE = YES;
				CLANG_WARN_UNGUARDED_AVAILABILITY = YES_AGGRESSIVE;
				CLANG_WARN_UNREACHABLE_CODE = YES;
				CLANG_WARN__DUPLICATE_METHOD_MATCH = YES;
				COPY_PHASE_STRIP = NO;
				DEBUG_INFORMATION_FORMAT = dwarf;
				ENABLE_STRICT_OBJC_MSGSEND = YES;
				ENABLE_TESTABILITY = YES;
				GCC_C_LANGUAGE_STANDARD = gnu11;
				GCC_DYNAMIC_NO_PIC = NO;
				GCC_NO_COMMON_BLOCKS = YES;
				GCC_OPTIMIZATION_LEVEL = 0;
				GCC_PREPROCESSOR_DEFINITIONS = (
					"DEBUG=1",
					"$(inherited)",
				);
				GCC_WARN_64_TO_32_BIT_CONVERSION = YES;
				GCC_WARN_ABOUT_RETURN_TYPE = YES_ERROR;
				GCC_WARN_UNDECLARED_SELECTOR = YES;
				GCC_WARN_UNINITIALIZED_AUTOS = YES_AGGRESSIVE;
				GCC_WARN_UNUSED_FUNCTION = YES;
				GCC_WARN_UNUSED_VARIABLE = YES;
				IPHONEOS_DEPLOYMENT_TARGET = 13.7;
				MTL_ENABLE_DEBUG_INFO = INCLUDE_SOURCE;
				MTL_FAST_MATH = YES;
				ONLY_ACTIVE_ARCH = YES;
				SDKROOT = iphoneos;
				SWIFT_ACTIVE_COMPILATION_CONDITIONS = DEBUG;
				SWIFT_OPTIMIZATION_LEVEL = "-Onone";
			};
			name = Debug;
		};
		061190C7255E512E00C4C92B /* Release */ = {
			isa = XCBuildConfiguration;
			buildSettings = {
				ALWAYS_SEARCH_USER_PATHS = NO;
				CLANG_ANALYZER_NONNULL = YES;
				CLANG_ANALYZER_NUMBER_OBJECT_CONVERSION = YES_AGGRESSIVE;
				CLANG_CXX_LANGUAGE_STANDARD = "gnu++14";
				CLANG_CXX_LIBRARY = "libc++";
				CLANG_ENABLE_MODULES = YES;
				CLANG_ENABLE_OBJC_ARC = YES;
				CLANG_ENABLE_OBJC_WEAK = YES;
				CLANG_WARN_BLOCK_CAPTURE_AUTORELEASING = YES;
				CLANG_WARN_BOOL_CONVERSION = YES;
				CLANG_WARN_COMMA = YES;
				CLANG_WARN_CONSTANT_CONVERSION = YES;
				CLANG_WARN_DEPRECATED_OBJC_IMPLEMENTATIONS = YES;
				CLANG_WARN_DIRECT_OBJC_ISA_USAGE = YES_ERROR;
				CLANG_WARN_DOCUMENTATION_COMMENTS = YES;
				CLANG_WARN_EMPTY_BODY = YES;
				CLANG_WARN_ENUM_CONVERSION = YES;
				CLANG_WARN_INFINITE_RECURSION = YES;
				CLANG_WARN_INT_CONVERSION = YES;
				CLANG_WARN_NON_LITERAL_NULL_CONVERSION = YES;
				CLANG_WARN_OBJC_IMPLICIT_RETAIN_SELF = YES;
				CLANG_WARN_OBJC_LITERAL_CONVERSION = YES;
				CLANG_WARN_OBJC_ROOT_CLASS = YES_ERROR;
				CLANG_WARN_RANGE_LOOP_ANALYSIS = YES;
				CLANG_WARN_STRICT_PROTOTYPES = YES;
				CLANG_WARN_SUSPICIOUS_MOVE = YES;
				CLANG_WARN_UNGUARDED_AVAILABILITY = YES_AGGRESSIVE;
				CLANG_WARN_UNREACHABLE_CODE = YES;
				CLANG_WARN__DUPLICATE_METHOD_MATCH = YES;
				COPY_PHASE_STRIP = NO;
				DEBUG_INFORMATION_FORMAT = "dwarf-with-dsym";
				ENABLE_NS_ASSERTIONS = NO;
				ENABLE_STRICT_OBJC_MSGSEND = YES;
				GCC_C_LANGUAGE_STANDARD = gnu11;
				GCC_NO_COMMON_BLOCKS = YES;
				GCC_WARN_64_TO_32_BIT_CONVERSION = YES;
				GCC_WARN_ABOUT_RETURN_TYPE = YES_ERROR;
				GCC_WARN_UNDECLARED_SELECTOR = YES;
				GCC_WARN_UNINITIALIZED_AUTOS = YES_AGGRESSIVE;
				GCC_WARN_UNUSED_FUNCTION = YES;
				GCC_WARN_UNUSED_VARIABLE = YES;
				IPHONEOS_DEPLOYMENT_TARGET = 13.7;
				MTL_ENABLE_DEBUG_INFO = NO;
				MTL_FAST_MATH = YES;
				SDKROOT = iphoneos;
				SWIFT_COMPILATION_MODE = wholemodule;
				SWIFT_OPTIMIZATION_LEVEL = "-O";
				VALIDATE_PRODUCT = YES;
			};
			name = Release;
		};
		061190C9255E512E00C4C92B /* Debug */ = {
			isa = XCBuildConfiguration;
			buildSettings = {
				ASSETCATALOG_COMPILER_APPICON_NAME = AppIcon;
				CODE_SIGN_STYLE = Automatic;
				INFOPLIST_FILE = GCD/Info.plist;
				LD_RUNPATH_SEARCH_PATHS = (
					"$(inherited)",
					"@executable_path/Frameworks",
				);
				PRODUCT_BUNDLE_IDENTIFIER = sevenchats.GCD;
				PRODUCT_NAME = "$(TARGET_NAME)";
				SWIFT_VERSION = 5.0;
				TARGETED_DEVICE_FAMILY = "1,2";
			};
			name = Debug;
		};
		061190CA255E512E00C4C92B /* Release */ = {
			isa = XCBuildConfiguration;
			buildSettings = {
				ASSETCATALOG_COMPILER_APPICON_NAME = AppIcon;
				CODE_SIGN_STYLE = Automatic;
				INFOPLIST_FILE = GCD/Info.plist;
				LD_RUNPATH_SEARCH_PATHS = (
					"$(inherited)",
					"@executable_path/Frameworks",
				);
				PRODUCT_BUNDLE_IDENTIFIER = sevenchats.GCD;
				PRODUCT_NAME = "$(TARGET_NAME)";
				SWIFT_VERSION = 5.0;
				TARGETED_DEVICE_FAMILY = "1,2";
			};
			name = Release;
		};
		061190CC255E512E00C4C92B /* Debug */ = {
			isa = XCBuildConfiguration;
			buildSettings = {
				ALWAYS_EMBED_SWIFT_STANDARD_LIBRARIES = YES;
				BUNDLE_LOADER = "$(TEST_HOST)";
				CODE_SIGN_STYLE = Automatic;
				INFOPLIST_FILE = GCDTests/Info.plist;
				IPHONEOS_DEPLOYMENT_TARGET = 13.7;
				LD_RUNPATH_SEARCH_PATHS = (
					"$(inherited)",
					"@executable_path/Frameworks",
					"@loader_path/Frameworks",
				);
				PRODUCT_BUNDLE_IDENTIFIER = sevenchats.GCDTests;
				PRODUCT_NAME = "$(TARGET_NAME)";
				SWIFT_VERSION = 5.0;
				TARGETED_DEVICE_FAMILY = "1,2";
				TEST_HOST = "$(BUILT_PRODUCTS_DIR)/GCD.app/GCD";
			};
			name = Debug;
		};
		061190CD255E512E00C4C92B /* Release */ = {
			isa = XCBuildConfiguration;
			buildSettings = {
				ALWAYS_EMBED_SWIFT_STANDARD_LIBRARIES = YES;
				BUNDLE_LOADER = "$(TEST_HOST)";
				CODE_SIGN_STYLE = Automatic;
				INFOPLIST_FILE = GCDTests/Info.plist;
				IPHONEOS_DEPLOYMENT_TARGET = 13.7;
				LD_RUNPATH_SEARCH_PATHS = (
					"$(inherited)",
					"@executable_path/Frameworks",
					"@loader_path/Frameworks",
				);
				PRODUCT_BUNDLE_IDENTIFIER = sevenchats.GCDTests;
				PRODUCT_NAME = "$(TARGET_NAME)";
				SWIFT_VERSION = 5.0;
				TARGETED_DEVICE_FAMILY = "1,2";
				TEST_HOST = "$(BUILT_PRODUCTS_DIR)/GCD.app/GCD";
			};
			name = Release;
		};
		061190CF255E512E00C4C92B /* Debug */ = {
			isa = XCBuildConfiguration;
			buildSettings = {
				ALWAYS_EMBED_SWIFT_STANDARD_LIBRARIES = YES;
				CODE_SIGN_STYLE = Automatic;
				INFOPLIST_FILE = GCDUITests/Info.plist;
				LD_RUNPATH_SEARCH_PATHS = (
					"$(inherited)",
					"@executable_path/Frameworks",
					"@loader_path/Frameworks",
				);
				PRODUCT_BUNDLE_IDENTIFIER = sevenchats.GCDUITests;
				PRODUCT_NAME = "$(TARGET_NAME)";
				SWIFT_VERSION = 5.0;
				TARGETED_DEVICE_FAMILY = "1,2";
				TEST_TARGET_NAME = GCD;
			};
			name = Debug;
		};
		061190D0255E512E00C4C92B /* Release */ = {
			isa = XCBuildConfiguration;
			buildSettings = {
				ALWAYS_EMBED_SWIFT_STANDARD_LIBRARIES = YES;
				CODE_SIGN_STYLE = Automatic;
				INFOPLIST_FILE = GCDUITests/Info.plist;
				LD_RUNPATH_SEARCH_PATHS = (
					"$(inherited)",
					"@executable_path/Frameworks",
					"@loader_path/Frameworks",
				);
				PRODUCT_BUNDLE_IDENTIFIER = sevenchats.GCDUITests;
				PRODUCT_NAME = "$(TARGET_NAME)";
				SWIFT_VERSION = 5.0;
				TARGETED_DEVICE_FAMILY = "1,2";
				TEST_TARGET_NAME = GCD;
			};
			name = Release;
		};
/* End XCBuildConfiguration section */

/* Begin XCConfigurationList section */
		06119099255E512B00C4C92B /* Build configuration list for PBXProject "GCD" */ = {
			isa = XCConfigurationList;
			buildConfigurations = (
				061190C6255E512E00C4C92B /* Debug */,
				061190C7255E512E00C4C92B /* Release */,
			);
			defaultConfigurationIsVisible = 0;
			defaultConfigurationName = Release;
		};
		061190C8255E512E00C4C92B /* Build configuration list for PBXNativeTarget "GCD" */ = {
			isa = XCConfigurationList;
			buildConfigurations = (
				061190C9255E512E00C4C92B /* Debug */,
				061190CA255E512E00C4C92B /* Release */,
			);
			defaultConfigurationIsVisible = 0;
			defaultConfigurationName = Release;
		};
		061190CB255E512E00C4C92B /* Build configuration list for PBXNativeTarget "GCDTests" */ = {
			isa = XCConfigurationList;
			buildConfigurations = (
				061190CC255E512E00C4C92B /* Debug */,
				061190CD255E512E00C4C92B /* Release */,
			);
			defaultConfigurationIsVisible = 0;
			defaultConfigurationName = Release;
		};
		061190CE255E512E00C4C92B /* Build configuration list for PBXNativeTarget "GCDUITests" */ = {
			isa = XCConfigurationList;
			buildConfigurations = (
				061190CF255E512E00C4C92B /* Debug */,
				061190D0255E512E00C4C92B /* Release */,
			);
			defaultConfigurationIsVisible = 0;
			defaultConfigurationName = Release;
		};
/* End XCConfigurationList section */
	};
	rootObject = 06119096255E512B00C4C92B /* Project object */;
}
